
Microsoft Visual Studio Solution File, Format Version 12.00
# Visual Studio Version 16
VisualStudioVersion = 16.0.30621.155
MinimumVisualStudioVersion = 10.0.40219.1
Project("{FAE04EC0-301F-11D3-BF4B-00C04F79EFBC}") = "jeuMemo2WPF", "jeuMemo2WPF.csproj", "{F0C92A84-8C11-48CC-81DE-429D3530675A}"
EndProject
Global
	GlobalSection(SolutionConfigurationPlatforms) = preSolution
		Debug|Any CPU = Debug|Any CPU
		Release|Any CPU = Release|Any CPU
	EndGlobalSection
	GlobalSection(ProjectConfigurationPlatforms) = postSolution
		{F0C92A84-8C11-48CC-81DE-429D3530675A}.Debug|Any CPU.ActiveCfg = Debug|Any CPU
		{F0C92A84-8C11-48CC-81DE-429D3530675A}.Debug|Any CPU.Build.0 = Debug|Any CPU
		{F0C92A84-8C11-48CC-81DE-429D3530675A}.Release|Any CPU.ActiveCfg = Release|Any CPU
		{F0C92A84-8C11-48CC-81DE-429D3530675A}.Release|Any CPU.Build.0 = Release|Any CPU
	EndGlobalSection
	GlobalSection(SolutionProperties) = preSolution
		HideSolutionNode = FALSE
	EndGlobalSection
	GlobalSection(ExtensibilityGlobals) = postSolution
		SolutionGuid = {BC0087E3-2C7D-45A5-9A75-C8F690BA4456}
	EndGlobalSection
EndGlobal
